
Microsoft Visual Studio Solution File, Format Version 12.00
# Visual Studio Version 17
VisualStudioVersion = 17.4.33403.182
MinimumVisualStudioVersion = 10.0.40219.1
Project("{FAE04EC0-301F-11D3-BF4B-00C04F79EFBC}") = "cs_lab4", "cs_lab4\cs_lab4.csproj", "{763928CC-C5B7-4D62-B143-87BFC5F2E643}"
EndProject
Global
	GlobalSection(SolutionConfigurationPlatforms) = preSolution
		Debug|Any CPU = Debug|Any CPU
		Release|Any CPU = Release|Any CPU
	EndGlobalSection
	GlobalSection(ProjectConfigurationPlatforms) = postSolution
		{763928CC-C5B7-4D62-B143-87BFC5F2E643}.Debug|Any CPU.ActiveCfg = Debug|Any CPU
		{763928CC-C5B7-4D62-B143-87BFC5F2E643}.Debug|Any CPU.Build.0 = Debug|Any CPU
		{763928CC-C5B7-4D62-B143-87BFC5F2E643}.Release|Any CPU.ActiveCfg = Release|Any CPU
		{763928CC-C5B7-4D62-B143-87BFC5F2E643}.Release|Any CPU.Build.0 = Release|Any CPU
	EndGlobalSection
	GlobalSection(SolutionProperties) = preSolution
		HideSolutionNode = FALSE
	EndGlobalSection
	GlobalSection(ExtensibilityGlobals) = postSolution
		SolutionGuid = {07F7DE7F-7D5B-4D49-9692-19E102F09ABC}
	EndGlobalSection
EndGlobal
